// !$*UTF8*$!
{
	archiveVersion = 1;
	classes = {
	};
	objectVersion = 50;
	objects = {

/* Begin PBXBuildFile section */
		7F0917F821062B1000C33F60 /* AppDelegate.swift in Sources */ = {isa = PBXBuildFile; fileRef = 7F0917F721062B1000C33F60 /* AppDelegate.swift */; };
		7F0917FA21062B1000C33F60 /* FirstViewController.swift in Sources */ = {isa = PBXBuildFile; fileRef = 7F0917F921062B1000C33F60 /* FirstViewController.swift */; };
		7F0917FD21062B1000C33F60 /* Main.storyboard in Resources */ = {isa = PBXBuildFile; fileRef = 7F0917FB21062B1000C33F60 /* Main.storyboard */; };
		7F0917FF21062B1100C33F60 /* Assets.xcassets in Resources */ = {isa = PBXBuildFile; fileRef = 7F0917FE21062B1100C33F60 /* Assets.xcassets */; };
		7F09180C2106423500C33F60 /* LoginViewController.swift in Sources */ = {isa = PBXBuildFile; fileRef = 7F09180B2106423400C33F60 /* LoginViewController.swift */; };
		7F09180E21064D1400C33F60 /* SignUpViewController.swift in Sources */ = {isa = PBXBuildFile; fileRef = 7F09180D21064D1400C33F60 /* SignUpViewController.swift */; };
		7F0918102106517300C33F60 /* LaunchScreen.swift in Sources */ = {isa = PBXBuildFile; fileRef = 7F09180F2106517300C33F60 /* LaunchScreen.swift */; };
		7F091812210652D400C33F60 /* LaunchScreen.storyboard in Resources */ = {isa = PBXBuildFile; fileRef = 7F091811210652D400C33F60 /* LaunchScreen.storyboard */; };
		7FED50B12107201600FEF5E7 /* TabBarViewController.swift in Sources */ = {isa = PBXBuildFile; fileRef = 7FED50B02107201600FEF5E7 /* TabBarViewController.swift */; };
		7FED50B32107211B00FEF5E7 /* BarMainViewController.swift in Sources */ = {isa = PBXBuildFile; fileRef = 7FED50B22107211B00FEF5E7 /* BarMainViewController.swift */; };
		7FED50B52107212400FEF5E7 /* RequestMainViewController.swift in Sources */ = {isa = PBXBuildFile; fileRef = 7FED50B42107212400FEF5E7 /* RequestMainViewController.swift */; };
		7FED50B72107212900FEF5E7 /* UserMainViewController.swift in Sources */ = {isa = PBXBuildFile; fileRef = 7FED50B62107212900FEF5E7 /* UserMainViewController.swift */; };
		7FED50B921075DF500FEF5E7 /* ColorsFonts.swift in Sources */ = {isa = PBXBuildFile; fileRef = 7FED50B821075DF500FEF5E7 /* ColorsFonts.swift */; };
		7FED50BD2107699D00FEF5E7 /* BarNewestViewController.swift in Sources */ = {isa = PBXBuildFile; fileRef = 7FED50BC2107699D00FEF5E7 /* BarNewestViewController.swift */; };
		7FED50BF210769AF00FEF5E7 /* RequestSingleViewController.swift in Sources */ = {isa = PBXBuildFile; fileRef = 7FED50BE210769AF00FEF5E7 /* RequestSingleViewController.swift */; };
		7FED50C1210769B500FEF5E7 /* UserSettingsViewController.swift in Sources */ = {isa = PBXBuildFile; fileRef = 7FED50C0210769B500FEF5E7 /* UserSettingsViewController.swift */; };
/* End PBXBuildFile section */

/* Begin PBXFileReference section */
		7F0917F421062B1000C33F60 /* MasterPlanDev.app */ = {isa = PBXFileReference; explicitFileType = wrapper.application; includeInIndex = 0; path = MasterPlanDev.app; sourceTree = BUILT_PRODUCTS_DIR; };
		7F0917F721062B1000C33F60 /* AppDelegate.swift */ = {isa = PBXFileReference; lastKnownFileType = sourcecode.swift; path = AppDelegate.swift; sourceTree = "<group>"; };
		7F0917F921062B1000C33F60 /* FirstViewController.swift */ = {isa = PBXFileReference; lastKnownFileType = sourcecode.swift; path = FirstViewController.swift; sourceTree = "<group>"; };
		7F0917FC21062B1000C33F60 /* Base */ = {isa = PBXFileReference; lastKnownFileType = file.storyboard; name = Base; path = Base.lproj/Main.storyboard; sourceTree = "<group>"; };
		7F0917FE21062B1100C33F60 /* Assets.xcassets */ = {isa = PBXFileReference; lastKnownFileType = folder.assetcatalog; path = Assets.xcassets; sourceTree = "<group>"; };
		7F09180321062B1100C33F60 /* Info.plist */ = {isa = PBXFileReference; lastKnownFileType = text.plist.xml; path = Info.plist; sourceTree = "<group>"; };
		7F09180B2106423400C33F60 /* LoginViewController.swift */ = {isa = PBXFileReference; lastKnownFileType = sourcecode.swift; path = LoginViewController.swift; sourceTree = "<group>"; };
		7F09180D21064D1400C33F60 /* SignUpViewController.swift */ = {isa = PBXFileReference; lastKnownFileType = sourcecode.swift; path = SignUpViewController.swift; sourceTree = "<group>"; };
		7F09180F2106517300C33F60 /* LaunchScreen.swift */ = {isa = PBXFileReference; lastKnownFileType = sourcecode.swift; path = LaunchScreen.swift; sourceTree = "<group>"; };
		7F091811210652D400C33F60 /* LaunchScreen.storyboard */ = {isa = PBXFileReference; lastKnownFileType = file.storyboard; path = LaunchScreen.storyboard; sourceTree = "<group>"; };
		7FED50B02107201600FEF5E7 /* TabBarViewController.swift */ = {isa = PBXFileReference; lastKnownFileType = sourcecode.swift; path = TabBarViewController.swift; sourceTree = "<group>"; };
		7FED50B22107211B00FEF5E7 /* BarMainViewController.swift */ = {isa = PBXFileReference; lastKnownFileType = sourcecode.swift; path = BarMainViewController.swift; sourceTree = "<group>"; };
		7FED50B42107212400FEF5E7 /* RequestMainViewController.swift */ = {isa = PBXFileReference; lastKnownFileType = sourcecode.swift; path = RequestMainViewController.swift; sourceTree = "<group>"; };
		7FED50B62107212900FEF5E7 /* UserMainViewController.swift */ = {isa = PBXFileReference; lastKnownFileType = sourcecode.swift; path = UserMainViewController.swift; sourceTree = "<group>"; };
		7FED50B821075DF500FEF5E7 /* ColorsFonts.swift */ = {isa = PBXFileReference; lastKnownFileType = sourcecode.swift; path = ColorsFonts.swift; sourceTree = "<group>"; };
		7FED50BC2107699D00FEF5E7 /* BarNewestViewController.swift */ = {isa = PBXFileReference; lastKnownFileType = sourcecode.swift; path = BarNewestViewController.swift; sourceTree = "<group>"; };
		7FED50BE210769AF00FEF5E7 /* RequestSingleViewController.swift */ = {isa = PBXFileReference; lastKnownFileType = sourcecode.swift; path = RequestSingleViewController.swift; sourceTree = "<group>"; };
		7FED50C0210769B500FEF5E7 /* UserSettingsViewController.swift */ = {isa = PBXFileReference; lastKnownFileType = sourcecode.swift; path = UserSettingsViewController.swift; sourceTree = "<group>"; };
/* End PBXFileReference section */

/* Begin PBXFrameworksBuildPhase section */
		7F0917F121062B1000C33F60 /* Frameworks */ = {
			isa = PBXFrameworksBuildPhase;
			buildActionMask = 2147483647;
			files = (
			);
			runOnlyForDeploymentPostprocessing = 0;
		};
/* End PBXFrameworksBuildPhase section */

/* Begin PBXGroup section */
		7F0917EB21062B1000C33F60 = {
			isa = PBXGroup;
			children = (
				7F0917F621062B1000C33F60 /* MasterPlanDev */,
				7F0917F521062B1000C33F60 /* Products */,
			);
			sourceTree = "<group>";
		};
		7F0917F521062B1000C33F60 /* Products */ = {
			isa = PBXGroup;
			children = (
				7F0917F421062B1000C33F60 /* MasterPlanDev.app */,
			);
			name = Products;
			sourceTree = "<group>";
		};
		7F0917F621062B1000C33F60 /* MasterPlanDev */ = {
			isa = PBXGroup;
			children = (
				7F0917F721062B1000C33F60 /* AppDelegate.swift */,
				7F0917F921062B1000C33F60 /* FirstViewController.swift */,
				7FED50B821075DF500FEF5E7 /* ColorsFonts.swift */,
				7F09180B2106423400C33F60 /* LoginViewController.swift */,
				7F09180D21064D1400C33F60 /* SignUpViewController.swift */,
				7FED50B02107201600FEF5E7 /* TabBarViewController.swift */,
				7FED50C2210769BD00FEF5E7 /* Bar */,
				7FED50C4210769C800FEF5E7 /* Request */,
				7FED50C3210769C300FEF5E7 /* User */,
				7F0917FB21062B1000C33F60 /* Main.storyboard */,
				7F0917FE21062B1100C33F60 /* Assets.xcassets */,
				7F09180F2106517300C33F60 /* LaunchScreen.swift */,
				7F091811210652D400C33F60 /* LaunchScreen.storyboard */,
				7F09180321062B1100C33F60 /* Info.plist */,
			);
			path = MasterPlanDev;
			sourceTree = "<group>";
		};
		7FED50C2210769BD00FEF5E7 /* Bar */ = {
			isa = PBXGroup;
			children = (
				7FED50B22107211B00FEF5E7 /* BarMainViewController.swift */,
				7FED50BC2107699D00FEF5E7 /* BarNewestViewController.swift */,
			);
			path = Bar;
			sourceTree = "<group>";
		};
		7FED50C3210769C300FEF5E7 /* User */ = {
			isa = PBXGroup;
			children = (
				7FED50B62107212900FEF5E7 /* UserMainViewController.swift */,
				7FED50C0210769B500FEF5E7 /* UserSettingsViewController.swift */,
			);
			path = User;
			sourceTree = "<group>";
		};
		7FED50C4210769C800FEF5E7 /* Request */ = {
			isa = PBXGroup;
			children = (
				7FED50B42107212400FEF5E7 /* RequestMainViewController.swift */,
				7FED50BE210769AF00FEF5E7 /* RequestSingleViewController.swift */,
			);
			path = Request;
			sourceTree = "<group>";
		};
/* End PBXGroup section */

/* Begin PBXNativeTarget section */
		7F0917F321062B1000C33F60 /* MasterPlanDev */ = {
			isa = PBXNativeTarget;
			buildConfigurationList = 7F09180621062B1100C33F60 /* Build configuration list for PBXNativeTarget "MasterPlanDev" */;
			buildPhases = (
				7F0917F021062B1000C33F60 /* Sources */,
				7F0917F121062B1000C33F60 /* Frameworks */,
				7F0917F221062B1000C33F60 /* Resources */,
			);
			buildRules = (
			);
			dependencies = (
			);
			name = MasterPlanDev;
			productName = MasterPlanDev;
			productReference = 7F0917F421062B1000C33F60 /* MasterPlanDev.app */;
			productType = "com.apple.product-type.application";
		};
/* End PBXNativeTarget section */

/* Begin PBXProject section */
		7F0917EC21062B1000C33F60 /* Project object */ = {
			isa = PBXProject;
			attributes = {
				LastSwiftUpdateCheck = 0940;
				LastUpgradeCheck = 0940;
				ORGANIZATIONNAME = YoochanShin;
				TargetAttributes = {
					7F0917F321062B1000C33F60 = {
						CreatedOnToolsVersion = 9.4.1;
					};
				};
			};
			buildConfigurationList = 7F0917EF21062B1000C33F60 /* Build configuration list for PBXProject "MasterPlanDev" */;
			compatibilityVersion = "Xcode 9.3";
			developmentRegion = en;
			hasScannedForEncodings = 0;
			knownRegions = (
				en,
				Base,
			);
			mainGroup = 7F0917EB21062B1000C33F60;
			productRefGroup = 7F0917F521062B1000C33F60 /* Products */;
			projectDirPath = "";
			projectRoot = "";
			targets = (
				7F0917F321062B1000C33F60 /* MasterPlanDev */,
			);
		};
/* End PBXProject section */

/* Begin PBXResourcesBuildPhase section */
		7F0917F221062B1000C33F60 /* Resources */ = {
			isa = PBXResourcesBuildPhase;
			buildActionMask = 2147483647;
			files = (
				7F0917FF21062B1100C33F60 /* Assets.xcassets in Resources */,
				7F0917FD21062B1000C33F60 /* Main.storyboard in Resources */,
				7F091812210652D400C33F60 /* LaunchScreen.storyboard in Resources */,
			);
			runOnlyForDeploymentPostprocessing = 0;
		};
/* End PBXResourcesBuildPhase section */

/* Begin PBXSourcesBuildPhase section */
		7F0917F021062B1000C33F60 /* Sources */ = {
			isa = PBXSourcesBuildPhase;
			buildActionMask = 2147483647;
			files = (
				7FED50B12107201600FEF5E7 /* TabBarViewController.swift in Sources */,
				7FED50B921075DF500FEF5E7 /* ColorsFonts.swift in Sources */,
				7FED50C1210769B500FEF5E7 /* UserSettingsViewController.swift in Sources */,
				7F09180C2106423500C33F60 /* LoginViewController.swift in Sources */,
				7F0917FA21062B1000C33F60 /* FirstViewController.swift in Sources */,
				7FED50BD2107699D00FEF5E7 /* BarNewestViewController.swift in Sources */,
				7F09180E21064D1400C33F60 /* SignUpViewController.swift in Sources */,
				7FED50BF210769AF00FEF5E7 /* RequestSingleViewController.swift in Sources */,
				7FED50B32107211B00FEF5E7 /* BarMainViewController.swift in Sources */,
				7F0917F821062B1000C33F60 /* AppDelegate.swift in Sources */,
				7F0918102106517300C33F60 /* LaunchScreen.swift in Sources */,
				7FED50B52107212400FEF5E7 /* RequestMainViewController.swift in Sources */,
				7FED50B72107212900FEF5E7 /* UserMainViewController.swift in Sources */,
			);
			runOnlyForDeploymentPostprocessing = 0;
		};
/* End PBXSourcesBuildPhase section */

/* Begin PBXVariantGroup section */
		7F0917FB21062B1000C33F60 /* Main.storyboard */ = {
			isa = PBXVariantGroup;
			children = (
				7F0917FC21062B1000C33F60 /* Base */,
			);
			name = Main.storyboard;
			sourceTree = "<group>";
		};
/* End PBXVariantGroup section */

/* Begin XCBuildConfiguration section */
		7F09180421062B1100C33F60 /* Debug */ = {
			isa = XCBuildConfiguration;
			buildSettings = {
				ALWAYS_SEARCH_USER_PATHS = NO;
				CLANG_ANALYZER_NONNULL = YES;
				CLANG_ANALYZER_NUMBER_OBJECT_CONVERSION = YES_AGGRESSIVE;
				CLANG_CXX_LANGUAGE_STANDARD = "gnu++14";
				CLANG_CXX_LIBRARY = "libc++";
				CLANG_ENABLE_MODULES = YES;
				CLANG_ENABLE_OBJC_ARC = YES;
				CLANG_ENABLE_OBJC_WEAK = YES;
				CLANG_WARN_BLOCK_CAPTURE_AUTORELEASING = YES;
				CLANG_WARN_BOOL_CONVERSION = YES;
				CLANG_WARN_COMMA = YES;
				CLANG_WARN_CONSTANT_CONVERSION = YES;
				CLANG_WARN_DEPRECATED_OBJC_IMPLEMENTATIONS = YES;
				CLANG_WARN_DIRECT_OBJC_ISA_USAGE = YES_ERROR;
				CLANG_WARN_DOCUMENTATION_COMMENTS = YES;
				CLANG_WARN_EMPTY_BODY = YES;
				CLANG_WARN_ENUM_CONVERSION = YES;
				CLANG_WARN_INFINITE_RECURSION = YES;
				CLANG_WARN_INT_CONVERSION = YES;
				CLANG_WARN_NON_LITERAL_NULL_CONVERSION = YES;
				CLANG_WARN_OBJC_IMPLICIT_RETAIN_SELF = YES;
				CLANG_WARN_OBJC_LITERAL_CONVERSION = YES;
				CLANG_WARN_OBJC_ROOT_CLASS = YES_ERROR;
				CLANG_WARN_RANGE_LOOP_ANALYSIS = YES;
				CLANG_WARN_STRICT_PROTOTYPES = YES;
				CLANG_WARN_SUSPICIOUS_MOVE = YES;
				CLANG_WARN_UNGUARDED_AVAILABILITY = YES_AGGRESSIVE;
				CLANG_WARN_UNREACHABLE_CODE = YES;
				CLANG_WARN__DUPLICATE_METHOD_MATCH = YES;
				CODE_SIGN_IDENTITY = "iPhone Developer";
				COPY_PHASE_STRIP = NO;
				DEBUG_INFORMATION_FORMAT = dwarf;
				ENABLE_STRICT_OBJC_MSGSEND = YES;
				ENABLE_TESTABILITY = YES;
				GCC_C_LANGUAGE_STANDARD = gnu11;
				GCC_DYNAMIC_NO_PIC = NO;
				GCC_NO_COMMON_BLOCKS = YES;
				GCC_OPTIMIZATION_LEVEL = 0;
				GCC_PREPROCESSOR_DEFINITIONS = (
					"DEBUG=1",
					"$(inherited)",
				);
				GCC_WARN_64_TO_32_BIT_CONVERSION = YES;
				GCC_WARN_ABOUT_RETURN_TYPE = YES_ERROR;
				GCC_WARN_UNDECLARED_SELECTOR = YES;
				GCC_WARN_UNINITIALIZED_AUTOS = YES_AGGRESSIVE;
				GCC_WARN_UNUSED_FUNCTION = YES;
				GCC_WARN_UNUSED_VARIABLE = YES;
				IPHONEOS_DEPLOYMENT_TARGET = 11.4;
				MTL_ENABLE_DEBUG_INFO = YES;
				ONLY_ACTIVE_ARCH = YES;
				SDKROOT = iphoneos;
				SWIFT_ACTIVE_COMPILATION_CONDITIONS = DEBUG;
				SWIFT_OPTIMIZATION_LEVEL = "-Onone";
			};
			name = Debug;
		};
		7F09180521062B1100C33F60 /* Release */ = {
			isa = XCBuildConfiguration;
			buildSettings = {
				ALWAYS_SEARCH_USER_PATHS = NO;
				CLANG_ANALYZER_NONNULL = YES;
				CLANG_ANALYZER_NUMBER_OBJECT_CONVERSION = YES_AGGRESSIVE;
				CLANG_CXX_LANGUAGE_STANDARD = "gnu++14";
				CLANG_CXX_LIBRARY = "libc++";
				CLANG_ENABLE_MODULES = YES;
				CLANG_ENABLE_OBJC_ARC = YES;
				CLANG_ENABLE_OBJC_WEAK = YES;
				CLANG_WARN_BLOCK_CAPTURE_AUTORELEASING = YES;
				CLANG_WARN_BOOL_CONVERSION = YES;
				CLANG_WARN_COMMA = YES;
				CLANG_WARN_CONSTANT_CONVERSION = YES;
				CLANG_WARN_DEPRECATED_OBJC_IMPLEMENTATIONS = YES;
				CLANG_WARN_DIRECT_OBJC_ISA_USAGE = YES_ERROR;
				CLANG_WARN_DOCUMENTATION_COMMENTS = YES;
				CLANG_WARN_EMPTY_BODY = YES;
				CLANG_WARN_ENUM_CONVERSION = YES;
				CLANG_WARN_INFINITE_RECURSION = YES;
				CLANG_WARN_INT_CONVERSION = YES;
				CLANG_WARN_NON_LITERAL_NULL_CONVERSION = YES;
				CLANG_WARN_OBJC_IMPLICIT_RETAIN_SELF = YES;
				CLANG_WARN_OBJC_LITERAL_CONVERSION = YES;
				CLANG_WARN_OBJC_ROOT_CLASS = YES_ERROR;
				CLANG_WARN_RANGE_LOOP_ANALYSIS = YES;
				CLANG_WARN_STRICT_PROTOTYPES = YES;
				CLANG_WARN_SUSPICIOUS_MOVE = YES;
				CLANG_WARN_UNGUARDED_AVAILABILITY = YES_AGGRESSIVE;
				CLANG_WARN_UNREACHABLE_CODE = YES;
				CLANG_WARN__DUPLICATE_METHOD_MATCH = YES;
				CODE_SIGN_IDENTITY = "iPhone Developer";
				COPY_PHASE_STRIP = NO;
				DEBUG_INFORMATION_FORMAT = "dwarf-with-dsym";
				ENABLE_NS_ASSERTIONS = NO;
				ENABLE_STRICT_OBJC_MSGSEND = YES;
				GCC_C_LANGUAGE_STANDARD = gnu11;
				GCC_NO_COMMON_BLOCKS = YES;
				GCC_WARN_64_TO_32_BIT_CONVERSION = YES;
				GCC_WARN_ABOUT_RETURN_TYPE = YES_ERROR;
				GCC_WARN_UNDECLARED_SELECTOR = YES;
				GCC_WARN_UNINITIALIZED_AUTOS = YES_AGGRESSIVE;
				GCC_WARN_UNUSED_FUNCTION = YES;
				GCC_WARN_UNUSED_VARIABLE = YES;
				IPHONEOS_DEPLOYMENT_TARGET = 11.4;
				MTL_ENABLE_DEBUG_INFO = NO;
				SDKROOT = iphoneos;
				SWIFT_COMPILATION_MODE = wholemodule;
				SWIFT_OPTIMIZATION_LEVEL = "-O";
				VALIDATE_PRODUCT = YES;
			};
			name = Release;
		};
		7F09180721062B1100C33F60 /* Debug */ = {
			isa = XCBuildConfiguration;
			buildSettings = {
				ASSETCATALOG_COMPILER_APPICON_NAME = AppIcon;
				CODE_SIGN_STYLE = Automatic;
				DEVELOPMENT_TEAM = 2AKWS7T87B;
				INFOPLIST_FILE = MasterPlanDev/Info.plist;
				LD_RUNPATH_SEARCH_PATHS = (
					"$(inherited)",
					"@executable_path/Frameworks",
				);
				PRODUCT_BUNDLE_IDENTIFIER = com.yoochanshin.MasterPlanDev;
				PRODUCT_NAME = "$(TARGET_NAME)";
				SWIFT_VERSION = 4.0;
				TARGETED_DEVICE_FAMILY = "1,2";
			};
			name = Debug;
		};
		7F09180821062B1100C33F60 /* Release */ = {
			isa = XCBuildConfiguration;
			buildSettings = {
				ASSETCATALOG_COMPILER_APPICON_NAME = AppIcon;
				CODE_SIGN_STYLE = Automatic;
				DEVELOPMENT_TEAM = 2AKWS7T87B;
				INFOPLIST_FILE = MasterPlanDev/Info.plist;
				LD_RUNPATH_SEARCH_PATHS = (
					"$(inherited)",
					"@executable_path/Frameworks",
				);
				PRODUCT_BUNDLE_IDENTIFIER = com.yoochanshin.MasterPlanDev;
				PRODUCT_NAME = "$(TARGET_NAME)";
				SWIFT_VERSION = 4.0;
				TARGETED_DEVICE_FAMILY = "1,2";
			};
			name = Release;
		};
/* End XCBuildConfiguration section */

/* Begin XCConfigurationList section */
		7F0917EF21062B1000C33F60 /* Build configuration list for PBXProject "MasterPlanDev" */ = {
			isa = XCConfigurationList;
			buildConfigurations = (
				7F09180421062B1100C33F60 /* Debug */,
				7F09180521062B1100C33F60 /* Release */,
			);
			defaultConfigurationIsVisible = 0;
			defaultConfigurationName = Release;
		};
		7F09180621062B1100C33F60 /* Build configuration list for PBXNativeTarget "MasterPlanDev" */ = {
			isa = XCConfigurationList;
			buildConfigurations = (
				7F09180721062B1100C33F60 /* Debug */,
				7F09180821062B1100C33F60 /* Release */,
			);
			defaultConfigurationIsVisible = 0;
			defaultConfigurationName = Release;
		};
/* End XCConfigurationList section */
	};
	rootObject = 7F0917EC21062B1000C33F60 /* Project object */;
}
